<?xml version="1.0" encoding="utf-8"?>
<Project ToolsVersion="4.0" xmlns="http://schemas.microsoft.com/developer/msbuild/2003">
  <ItemGroup>
    <None Include="README.md" />
  </ItemGroup>
  <ItemGroup>
    <Filter Include="headerFiles">
      <UniqueIdentifier>{7202bdcb-f5fd-45ba-a360-d78d8317aa29}</UniqueIdentifier>
    </Filter>
    <Filter Include="sourceFiles">
      <UniqueIdentifier>{6c45f8fb-d770-4f7d-b3c8-da1caae30faa}</UniqueIdentifier>
    </Filter>
  </ItemGroup>
  <ItemGroup>
    <ClInclude Include="headerFiles\GL\glaux.h">
      <Filter>headerFiles</Filter>
    </ClInclude>
    <ClInclude Include="headerFiles\GL\glew.h">
      <Filter>headerFiles</Filter>
    </ClInclude>
    <ClInclude Include="headerFiles\GL\glut.h">
      <Filter>headerFiles</Filter>
    </ClInclude>
    <ClInclude Include="headerFiles\GLTexture.h">
      <Filter>headerFiles</Filter>
    </ClInclude>
    <ClInclude Include="headerFiles\Model_3DS.h">
      <Filter>headerFiles</Filter>
    </ClInclude>
    <ClInclude Include="headerFiles\Camera.h">
      <Filter>headerFiles</Filter>
    </ClInclude>
    <ClInclude Include="headerFiles\Object.h">
      <Filter>headerFiles</Filter>
    </ClInclude>
    <ClInclude Include="headerFiles\Player.h">
      <Filter>headerFiles</Filter>
    </ClInclude>
    <ClInclude Include="Journal.h">
      <Filter>headerFiles</Filter>
    </ClInclude>
    <ClInclude Include="NonInteractiveObject.h">
      <Filter>headerFiles</Filter>
    </ClInclude>
    <ClInclude Include="Clue.h">
      <Filter>headerFiles</Filter>
    </ClInclude>
    <ClInclude Include="Door.h">
      <Filter>headerFiles</Filter>
    </ClInclude>
    <ClInclude Include="InteractiveObject.h">
      <Filter>headerFiles</Filter>
    </ClInclude>
  </ItemGroup>
  <ItemGroup>
    <ClCompile Include="sourceFiles/GLTexture.cpp">
      <Filter>sourceFiles</Filter>
    </ClCompile>
    <ClCompile Include="sourceFiles/Model_3DS.cpp">
      <Filter>sourceFiles</Filter>
    </ClCompile>
    <ClCompile Include="sourceFiles/Camera.cpp">
      <Filter>sourceFiles</Filter>
    </ClCompile>
    <ClCompile Include="sourceFiles/Object.cpp">
      <Filter>sourceFiles</Filter>
    </ClCompile>
    <ClCompile Include="sourceFiles/Player.cpp">
      <Filter>sourceFiles</Filter>
    </ClCompile>
    <ClCompile Include="sourceFiles/main.cpp">
      <Filter>sourceFiles</Filter>
    </ClCompile>
    <ClCompile Include="Journal.cpp">
      <Filter>sourceFiles</Filter>
    </ClCompile>
    <ClCompile Include="InteractiveObject.cpp">
      <Filter>sourceFiles</Filter>
    </ClCompile>
    <ClCompile Include="NonInteractiveObject.cpp">
      <Filter>sourceFiles</Filter>
    </ClCompile>
    <ClCompile Include="Door.cpp">
      <Filter>sourceFiles</Filter>
    </ClCompile>
    <ClCompile Include="Clue.cpp">
      <Filter>sourceFiles</Filter>
    </ClCompile>
  </ItemGroup>
</Project>